
Microsoft Visual Studio Solution File, Format Version 12.00
# Visual Studio Version 17
VisualStudioVersion = 17.11.35208.52
MinimumVisualStudioVersion = 10.0.40219.1
Project("{FAE04EC0-301F-11D3-BF4B-00C04F79EFBC}") = "MattsPasswordManager", "MattsPasswordManager\MattsPasswordManager.csproj", "{A75512FB-19E8-4BE9-B30B-0DDA352E2F01}"
EndProject
Global
	GlobalSection(SolutionConfigurationPlatforms) = preSolution
		Debug|Any CPU = Debug|Any CPU
		Release|Any CPU = Release|Any CPU
	EndGlobalSection
	GlobalSection(ProjectConfigurationPlatforms) = postSolution
		{A75512FB-19E8-4BE9-B30B-0DDA352E2F01}.Debug|Any CPU.ActiveCfg = Debug|Any CPU
		{A75512FB-19E8-4BE9-B30B-0DDA352E2F01}.Debug|Any CPU.Build.0 = Debug|Any CPU
		{A75512FB-19E8-4BE9-B30B-0DDA352E2F01}.Release|Any CPU.ActiveCfg = Release|Any CPU
		{A75512FB-19E8-4BE9-B30B-0DDA352E2F01}.Release|Any CPU.Build.0 = Release|Any CPU
	EndGlobalSection
	GlobalSection(SolutionProperties) = preSolution
		HideSolutionNode = FALSE
	EndGlobalSection
	GlobalSection(ExtensibilityGlobals) = postSolution
		SolutionGuid = {743A10F9-E915-4A91-8D10-D93CDA099F2B}
	EndGlobalSection
EndGlobal
